// !$*UTF8*$!
{
	archiveVersion = 1;
	classes = {
	};
	objectVersion = 77;
	objects = {

/* Begin PBXBuildFile section */
		7B39F1BA2EC2512A001C21E8 /* SwiftClockKit in Frameworks */ = {isa = PBXBuildFile; productRef = 7B56BD5A2DD611FC00E4FDAE /* SwiftClockKit */; };
		7B39F1CB2EC25180001C21E8 /* WidgetKit.framework in Frameworks */ = {isa = PBXBuildFile; fileRef = 7B39F1CA2EC25180001C21E8 /* WidgetKit.framework */; };
		7B39F1CD2EC25180001C21E8 /* SwiftUI.framework in Frameworks */ = {isa = PBXBuildFile; fileRef = 7B39F1CC2EC25180001C21E8 /* SwiftUI.framework */; };
		7B39F1DE2EC25181001C21E8 /* ClockWidgetExtension.appex in Embed Foundation Extensions */ = {isa = PBXBuildFile; fileRef = 7B39F1C82EC25180001C21E8 /* ClockWidgetExtension.appex */; settings = {ATTRIBUTES = (RemoveHeadersOnCopy, ); }; };
		7B39F1E82EC252C0001C21E8 /* SwiftClockKit in Frameworks */ = {isa = PBXBuildFile; productRef = 7B39F1E72EC252C0001C21E8 /* SwiftClockKit */; };
		7B742DBE2DD6127300E1AD27 /* SwiftClockKit in Frameworks */ = {isa = PBXBuildFile; productRef = 7B742DBD2DD6127300E1AD27 /* SwiftClockKit */; };
/* End PBXBuildFile section */

/* Begin PBXContainerItemProxy section */
		7B39F1DC2EC25181001C21E8 /* PBXContainerItemProxy */ = {
			isa = PBXContainerItemProxy;
			containerPortal = 7B56BD372DD6115800E4FDAE /* Project object */;
			proxyType = 1;
			remoteGlobalIDString = 7B39F1C72EC25180001C21E8;
			remoteInfo = ClockWidgetExtension;
		};
/* End PBXContainerItemProxy section */

/* Begin PBXCopyFilesBuildPhase section */
		7B39F1DF2EC25181001C21E8 /* Embed Foundation Extensions */ = {
			isa = PBXCopyFilesBuildPhase;
			buildActionMask = 2147483647;
			dstPath = "";
			dstSubfolderSpec = 13;
			files = (
				7B39F1DE2EC25181001C21E8 /* ClockWidgetExtension.appex in Embed Foundation Extensions */,
			);
			name = "Embed Foundation Extensions";
			runOnlyForDeploymentPostprocessing = 0;
		};
/* End PBXCopyFilesBuildPhase section */

/* Begin PBXFileReference section */
		7B39F1C82EC25180001C21E8 /* ClockWidgetExtension.appex */ = {isa = PBXFileReference; explicitFileType = "wrapper.app-extension"; includeInIndex = 0; path = ClockWidgetExtension.appex; sourceTree = BUILT_PRODUCTS_DIR; };
		7B39F1CA2EC25180001C21E8 /* WidgetKit.framework */ = {isa = PBXFileReference; lastKnownFileType = wrapper.framework; name = WidgetKit.framework; path = System/Library/Frameworks/WidgetKit.framework; sourceTree = SDKROOT; };
		7B39F1CC2EC25180001C21E8 /* SwiftUI.framework */ = {isa = PBXFileReference; lastKnownFileType = wrapper.framework; name = SwiftUI.framework; path = System/Library/Frameworks/SwiftUI.framework; sourceTree = SDKROOT; };
		7B39F1E52EC25253001C21E8 /* ClockWidgetExtension.entitlements */ = {isa = PBXFileReference; lastKnownFileType = text.plist.entitlements; path = ClockWidgetExtension.entitlements; sourceTree = "<group>"; };
		7B56BD3F2DD6115800E4FDAE /* SwiftClockKitDemo.app */ = {isa = PBXFileReference; explicitFileType = wrapper.application; includeInIndex = 0; path = SwiftClockKitDemo.app; sourceTree = BUILT_PRODUCTS_DIR; };
/* End PBXFileReference section */

/* Begin PBXFileSystemSynchronizedRootGroup section */
		7B56BD412DD6115800E4FDAE /* SwiftClockKitDemo */ = {
			isa = PBXFileSystemSynchronizedRootGroup;
			path = SwiftClockKitDemo;
			sourceTree = "<group>";
		};
/* End PBXFileSystemSynchronizedRootGroup section */

/* Begin PBXFrameworksBuildPhase section */
		7B39F1C52EC25180001C21E8 /* Frameworks */ = {
			isa = PBXFrameworksBuildPhase;
			buildActionMask = 2147483647;
			files = (
				7B39F1E82EC252C0001C21E8 /* SwiftClockKit in Frameworks */,
				7B39F1CD2EC25180001C21E8 /* SwiftUI.framework in Frameworks */,
				7B39F1CB2EC25180001C21E8 /* WidgetKit.framework in Frameworks */,
			);
			runOnlyForDeploymentPostprocessing = 0;
		};
		7B56BD3C2DD6115800E4FDAE /* Frameworks */ = {
			isa = PBXFrameworksBuildPhase;
			buildActionMask = 2147483647;
			files = (
				7B39F1BA2EC2512A001C21E8 /* SwiftClockKit in Frameworks */,
				7B742DBE2DD6127300E1AD27 /* SwiftClockKit in Frameworks */,
			);
			runOnlyForDeploymentPostprocessing = 0;
		};
/* End PBXFrameworksBuildPhase section */

/* Begin PBXGroup section */
		7B39F1C92EC25180001C21E8 /* Frameworks */ = {
			isa = PBXGroup;
			children = (
				7B39F1CA2EC25180001C21E8 /* WidgetKit.framework */,
				7B39F1CC2EC25180001C21E8 /* SwiftUI.framework */,
			);
			name = Frameworks;
			sourceTree = "<group>";
		};
		7B39F1E42EC25212001C21E8 /* ClockWidget */ = {
			isa = PBXGroup;
			children = (
			);
			path = ClockWidget;
			sourceTree = "<group>";
		};
		7B56BD362DD6115800E4FDAE = {
			isa = PBXGroup;
			children = (
				7B39F1E52EC25253001C21E8 /* ClockWidgetExtension.entitlements */,
				7B56BD412DD6115800E4FDAE /* SwiftClockKitDemo */,
				7B39F1C92EC25180001C21E8 /* Frameworks */,
				7B56BD402DD6115800E4FDAE /* Products */,
				7B39F1E42EC25212001C21E8 /* ClockWidget */,
			);
			sourceTree = "<group>";
		};
		7B56BD402DD6115800E4FDAE /* Products */ = {
			isa = PBXGroup;
			children = (
				7B56BD3F2DD6115800E4FDAE /* SwiftClockKitDemo.app */,
				7B39F1C82EC25180001C21E8 /* ClockWidgetExtension.appex */,
			);
			name = Products;
			sourceTree = "<group>";
		};
/* End PBXGroup section */

/* Begin PBXNativeTarget section */
		7B39F1C72EC25180001C21E8 /* ClockWidgetExtension */ = {
			isa = PBXNativeTarget;
			buildConfigurationList = 7B39F1E32EC25181001C21E8 /* Build configuration list for PBXNativeTarget "ClockWidgetExtension" */;
			buildPhases = (
				7B39F1C42EC25180001C21E8 /* Sources */,
				7B39F1C52EC25180001C21E8 /* Frameworks */,
				7B39F1C62EC25180001C21E8 /* Resources */,
			);
			buildRules = (
			);
			dependencies = (
			);
			name = ClockWidgetExtension;
			packageProductDependencies = (
				7B39F1E72EC252C0001C21E8 /* SwiftClockKit */,
			);
			productName = ClockWidgetExtension;
			productReference = 7B39F1C82EC25180001C21E8 /* ClockWidgetExtension.appex */;
			productType = "com.apple.product-type.app-extension";
		};
		7B56BD3E2DD6115800E4FDAE /* SwiftClockKitDemo */ = {
			isa = PBXNativeTarget;
			buildConfigurationList = 7B56BD4D2DD6115900E4FDAE /* Build configuration list for PBXNativeTarget "SwiftClockKitDemo" */;
			buildPhases = (
				7B56BD3B2DD6115800E4FDAE /* Sources */,
				7B56BD3C2DD6115800E4FDAE /* Frameworks */,
				7B56BD3D2DD6115800E4FDAE /* Resources */,
				7B39F1DF2EC25181001C21E8 /* Embed Foundation Extensions */,
			);
			buildRules = (
			);
			dependencies = (
				7B39F1DD2EC25181001C21E8 /* PBXTargetDependency */,
			);
			fileSystemSynchronizedGroups = (
				7B56BD412DD6115800E4FDAE /* SwiftClockKitDemo */,
			);
			name = SwiftClockKitDemo;
			packageProductDependencies = (
				7B56BD5A2DD611FC00E4FDAE /* SwiftClockKit */,
				7B742DBD2DD6127300E1AD27 /* SwiftClockKit */,
			);
			productName = SwiftClockKitDemo;
			productReference = 7B56BD3F2DD6115800E4FDAE /* SwiftClockKitDemo.app */;
			productType = "com.apple.product-type.application";
		};
/* End PBXNativeTarget section */

/* Begin PBXProject section */
		7B56BD372DD6115800E4FDAE /* Project object */ = {
			isa = PBXProject;
			attributes = {
				BuildIndependentTargetsInParallel = 1;
				LastSwiftUpdateCheck = 1640;
				LastUpgradeCheck = 1620;
				TargetAttributes = {
					7B39F1C72EC25180001C21E8 = {
						CreatedOnToolsVersion = 16.4;
					};
					7B56BD3E2DD6115800E4FDAE = {
						CreatedOnToolsVersion = 16.2;
					};
				};
			};
			buildConfigurationList = 7B56BD3A2DD6115800E4FDAE /* Build configuration list for PBXProject "SwiftClockKitDemo" */;
			developmentRegion = en;
			hasScannedForEncodings = 0;
			knownRegions = (
				en,
				Base,
			);
			mainGroup = 7B56BD362DD6115800E4FDAE;
			minimizedProjectReferenceProxies = 1;
			packageReferences = (
				7B56BD592DD611FC00E4FDAE /* XCLocalSwiftPackageReference "../../SwiftClockKit" */,
			);
			preferredProjectObjectVersion = 77;
			productRefGroup = 7B56BD402DD6115800E4FDAE /* Products */;
			projectDirPath = "";
			projectRoot = "";
			targets = (
				7B56BD3E2DD6115800E4FDAE /* SwiftClockKitDemo */,
				7B39F1C72EC25180001C21E8 /* ClockWidgetExtension */,
			);
		};
/* End PBXProject section */

/* Begin PBXResourcesBuildPhase section */
		7B39F1C62EC25180001C21E8 /* Resources */ = {
			isa = PBXResourcesBuildPhase;
			buildActionMask = 2147483647;
			files = (
			);
			runOnlyForDeploymentPostprocessing = 0;
		};
		7B56BD3D2DD6115800E4FDAE /* Resources */ = {
			isa = PBXResourcesBuildPhase;
			buildActionMask = 2147483647;
			files = (
			);
			runOnlyForDeploymentPostprocessing = 0;
		};
/* End PBXResourcesBuildPhase section */

/* Begin PBXSourcesBuildPhase section */
		7B39F1C42EC25180001C21E8 /* Sources */ = {
			isa = PBXSourcesBuildPhase;
			buildActionMask = 2147483647;
			files = (
			);
			runOnlyForDeploymentPostprocessing = 0;
		};
		7B56BD3B2DD6115800E4FDAE /* Sources */ = {
			isa = PBXSourcesBuildPhase;
			buildActionMask = 2147483647;
			files = (
			);
			runOnlyForDeploymentPostprocessing = 0;
		};
/* End PBXSourcesBuildPhase section */

/* Begin PBXTargetDependency section */
		7B39F1DD2EC25181001C21E8 /* PBXTargetDependency */ = {
			isa = PBXTargetDependency;
			target = 7B39F1C72EC25180001C21E8 /* ClockWidgetExtension */;
			targetProxy = 7B39F1DC2EC25181001C21E8 /* PBXContainerItemProxy */;
		};
/* End PBXTargetDependency section */

/* Begin XCBuildConfiguration section */
		7B39F1E02EC25181001C21E8 /* Debug */ = {
			isa = XCBuildConfiguration;
			buildSettings = {
				ASSETCATALOG_COMPILER_GLOBAL_ACCENT_COLOR_NAME = AccentColor;
				ASSETCATALOG_COMPILER_WIDGET_BACKGROUND_COLOR_NAME = WidgetBackground;
				CODE_SIGN_ENTITLEMENTS = ClockWidgetExtension.entitlements;
				CODE_SIGN_STYLE = Automatic;
				CURRENT_PROJECT_VERSION = 1;
				DEVELOPMENT_TEAM = 4899W2A5G3;
				GENERATE_INFOPLIST_FILE = YES;
				INFOPLIST_KEY_CFBundleDisplayName = ClockWidget;
				INFOPLIST_KEY_NSExtension_NSExtensionPointIdentifier = "com.apple.widgetkit-extension";
				INFOPLIST_KEY_NSHumanReadableCopyright = "";
				IPHONEOS_DEPLOYMENT_TARGET = 18.5;
				LD_RUNPATH_SEARCH_PATHS = (
					"$(inherited)",
					"@executable_path/Frameworks",
					"@executable_path/../../Frameworks",
				);
				MARKETING_VERSION = 1.0;
				PRODUCT_BUNDLE_IDENTIFIER = com.SwiftClockKit.SwiftClockKitDemo.ClockWidget;
				PRODUCT_NAME = "$(TARGET_NAME)";
				SKIP_INSTALL = YES;
				SWIFT_EMIT_LOC_STRINGS = YES;
				SWIFT_VERSION = 5.0;
				TARGETED_DEVICE_FAMILY = "1,2";
			};
			name = Debug;
		};
		7B39F1E12EC25181001C21E8 /* Release */ = {
			isa = XCBuildConfiguration;
			buildSettings = {
				ASSETCATALOG_COMPILER_GLOBAL_ACCENT_COLOR_NAME = AccentColor;
				ASSETCATALOG_COMPILER_WIDGET_BACKGROUND_COLOR_NAME = WidgetBackground;
				CODE_SIGN_ENTITLEMENTS = ClockWidgetExtension.entitlements;
				CODE_SIGN_STYLE = Automatic;
				CURRENT_PROJECT_VERSION = 1;
				DEVELOPMENT_TEAM = 4899W2A5G3;
				GENERATE_INFOPLIST_FILE = YES;
				INFOPLIST_KEY_CFBundleDisplayName = ClockWidget;
				INFOPLIST_KEY_NSExtension_NSExtensionPointIdentifier = "com.apple.widgetkit-extension";
				INFOPLIST_KEY_NSHumanReadableCopyright = "";
				IPHONEOS_DEPLOYMENT_TARGET = 18.5;
				LD_RUNPATH_SEARCH_PATHS = (
					"$(inherited)",
					"@executable_path/Frameworks",
					"@executable_path/../../Frameworks",
				);
				MARKETING_VERSION = 1.0;
				PRODUCT_BUNDLE_IDENTIFIER = com.SwiftClockKit.SwiftClockKitDemo.ClockWidget;
				PRODUCT_NAME = "$(TARGET_NAME)";
				SKIP_INSTALL = YES;
				SWIFT_EMIT_LOC_STRINGS = YES;
				SWIFT_VERSION = 5.0;
				TARGETED_DEVICE_FAMILY = "1,2";
			};
			name = Release;
		};
		7B56BD4B2DD6115900E4FDAE /* Debug */ = {
			isa = XCBuildConfiguration;
			buildSettings = {
				ALWAYS_SEARCH_USER_PATHS = NO;
				ASSETCATALOG_COMPILER_GENERATE_SWIFT_ASSET_SYMBOL_EXTENSIONS = YES;
				CLANG_ANALYZER_NONNULL = YES;
				CLANG_ANALYZER_NUMBER_OBJECT_CONVERSION = YES_AGGRESSIVE;
				CLANG_CXX_LANGUAGE_STANDARD = "gnu++20";
				CLANG_ENABLE_MODULES = YES;
				CLANG_ENABLE_OBJC_ARC = YES;
				CLANG_ENABLE_OBJC_WEAK = YES;
				CLANG_WARN_BLOCK_CAPTURE_AUTORELEASING = YES;
				CLANG_WARN_BOOL_CONVERSION = YES;
				CLANG_WARN_COMMA = YES;
				CLANG_WARN_CONSTANT_CONVERSION = YES;
				CLANG_WARN_DEPRECATED_OBJC_IMPLEMENTATIONS = YES;
				CLANG_WARN_DIRECT_OBJC_ISA_USAGE = YES_ERROR;
				CLANG_WARN_DOCUMENTATION_COMMENTS = YES;
				CLANG_WARN_EMPTY_BODY = YES;
				CLANG_WARN_ENUM_CONVERSION = YES;
				CLANG_WARN_INFINITE_RECURSION = YES;
				CLANG_WARN_INT_CONVERSION = YES;
				CLANG_WARN_NON_LITERAL_NULL_CONVERSION = YES;
				CLANG_WARN_OBJC_IMPLICIT_RETAIN_SELF = YES;
				CLANG_WARN_OBJC_LITERAL_CONVERSION = YES;
				CLANG_WARN_OBJC_ROOT_CLASS = YES_ERROR;
				CLANG_WARN_QUOTED_INCLUDE_IN_FRAMEWORK_HEADER = YES;
				CLANG_WARN_RANGE_LOOP_ANALYSIS = YES;
				CLANG_WARN_STRICT_PROTOTYPES = YES;
				CLANG_WARN_SUSPICIOUS_MOVE = YES;
				CLANG_WARN_UNGUARDED_AVAILABILITY = YES_AGGRESSIVE;
				CLANG_WARN_UNREACHABLE_CODE = YES;
				CLANG_WARN__DUPLICATE_METHOD_MATCH = YES;
				COPY_PHASE_STRIP = NO;
				DEBUG_INFORMATION_FORMAT = dwarf;
				ENABLE_STRICT_OBJC_MSGSEND = YES;
				ENABLE_TESTABILITY = YES;
				ENABLE_USER_SCRIPT_SANDBOXING = YES;
				GCC_C_LANGUAGE_STANDARD = gnu17;
				GCC_DYNAMIC_NO_PIC = NO;
				GCC_NO_COMMON_BLOCKS = YES;
				GCC_OPTIMIZATION_LEVEL = 0;
				GCC_PREPROCESSOR_DEFINITIONS = (
					"DEBUG=1",
					"$(inherited)",
				);
				GCC_WARN_64_TO_32_BIT_CONVERSION = YES;
				GCC_WARN_ABOUT_RETURN_TYPE = YES_ERROR;
				GCC_WARN_UNDECLARED_SELECTOR = YES;
				GCC_WARN_UNINITIALIZED_AUTOS = YES_AGGRESSIVE;
				GCC_WARN_UNUSED_FUNCTION = YES;
				GCC_WARN_UNUSED_VARIABLE = YES;
				IPHONEOS_DEPLOYMENT_TARGET = 18.2;
				LOCALIZATION_PREFERS_STRING_CATALOGS = YES;
				MTL_ENABLE_DEBUG_INFO = INCLUDE_SOURCE;
				MTL_FAST_MATH = YES;
				ONLY_ACTIVE_ARCH = YES;
				SDKROOT = iphoneos;
				SWIFT_ACTIVE_COMPILATION_CONDITIONS = "DEBUG $(inherited)";
				SWIFT_OPTIMIZATION_LEVEL = "-Onone";
			};
			name = Debug;
		};
		7B56BD4C2DD6115900E4FDAE /* Release */ = {
			isa = XCBuildConfiguration;
			buildSettings = {
				ALWAYS_SEARCH_USER_PATHS = NO;
				ASSETCATALOG_COMPILER_GENERATE_SWIFT_ASSET_SYMBOL_EXTENSIONS = YES;
				CLANG_ANALYZER_NONNULL = YES;
				CLANG_ANALYZER_NUMBER_OBJECT_CONVERSION = YES_AGGRESSIVE;
				CLANG_CXX_LANGUAGE_STANDARD = "gnu++20";
				CLANG_ENABLE_MODULES = YES;
				CLANG_ENABLE_OBJC_ARC = YES;
				CLANG_ENABLE_OBJC_WEAK = YES;
				CLANG_WARN_BLOCK_CAPTURE_AUTORELEASING = YES;
				CLANG_WARN_BOOL_CONVERSION = YES;
				CLANG_WARN_COMMA = YES;
				CLANG_WARN_CONSTANT_CONVERSION = YES;
				CLANG_WARN_DEPRECATED_OBJC_IMPLEMENTATIONS = YES;
				CLANG_WARN_DIRECT_OBJC_ISA_USAGE = YES_ERROR;
				CLANG_WARN_DOCUMENTATION_COMMENTS = YES;
				CLANG_WARN_EMPTY_BODY = YES;
				CLANG_WARN_ENUM_CONVERSION = YES;
				CLANG_WARN_INFINITE_RECURSION = YES;
				CLANG_WARN_INT_CONVERSION = YES;
				CLANG_WARN_NON_LITERAL_NULL_CONVERSION = YES;
				CLANG_WARN_OBJC_IMPLICIT_RETAIN_SELF = YES;
				CLANG_WARN_OBJC_LITERAL_CONVERSION = YES;
				CLANG_WARN_OBJC_ROOT_CLASS = YES_ERROR;
				CLANG_WARN_QUOTED_INCLUDE_IN_FRAMEWORK_HEADER = YES;
				CLANG_WARN_RANGE_LOOP_ANALYSIS = YES;
				CLANG_WARN_STRICT_PROTOTYPES = YES;
				CLANG_WARN_SUSPICIOUS_MOVE = YES;
				CLANG_WARN_UNGUARDED_AVAILABILITY = YES_AGGRESSIVE;
				CLANG_WARN_UNREACHABLE_CODE = YES;
				CLANG_WARN__DUPLICATE_METHOD_MATCH = YES;
				COPY_PHASE_STRIP = NO;
				DEBUG_INFORMATION_FORMAT = "dwarf-with-dsym";
				ENABLE_NS_ASSERTIONS = NO;
				ENABLE_STRICT_OBJC_MSGSEND = YES;
				ENABLE_USER_SCRIPT_SANDBOXING = YES;
				GCC_C_LANGUAGE_STANDARD = gnu17;
				GCC_NO_COMMON_BLOCKS = YES;
				GCC_WARN_64_TO_32_BIT_CONVERSION = YES;
				GCC_WARN_ABOUT_RETURN_TYPE = YES_ERROR;
				GCC_WARN_UNDECLARED_SELECTOR = YES;
				GCC_WARN_UNINITIALIZED_AUTOS = YES_AGGRESSIVE;
				GCC_WARN_UNUSED_FUNCTION = YES;
				GCC_WARN_UNUSED_VARIABLE = YES;
				IPHONEOS_DEPLOYMENT_TARGET = 18.2;
				LOCALIZATION_PREFERS_STRING_CATALOGS = YES;
				MTL_ENABLE_DEBUG_INFO = NO;
				MTL_FAST_MATH = YES;
				SDKROOT = iphoneos;
				SWIFT_COMPILATION_MODE = wholemodule;
				VALIDATE_PRODUCT = YES;
			};
			name = Release;
		};
		7B56BD4E2DD6115900E4FDAE /* Debug */ = {
			isa = XCBuildConfiguration;
			buildSettings = {
				ASSETCATALOG_COMPILER_APPICON_NAME = AppIcon;
				ASSETCATALOG_COMPILER_GLOBAL_ACCENT_COLOR_NAME = AccentColor;
				CODE_SIGN_ENTITLEMENTS = SwiftClockKitDemo/SwiftClockKitDemo.entitlements;
				CODE_SIGN_STYLE = Automatic;
				CURRENT_PROJECT_VERSION = 1;
				DEVELOPMENT_ASSET_PATHS = "\"SwiftClockKitDemo/Preview Content\"";
				DEVELOPMENT_TEAM = 4899W2A5G3;
				ENABLE_PREVIEWS = YES;
				GENERATE_INFOPLIST_FILE = YES;
				INFOPLIST_KEY_UIApplicationSceneManifest_Generation = YES;
				INFOPLIST_KEY_UIApplicationSupportsIndirectInputEvents = YES;
				INFOPLIST_KEY_UILaunchScreen_Generation = YES;
				INFOPLIST_KEY_UISupportedInterfaceOrientations_iPad = "UIInterfaceOrientationPortrait UIInterfaceOrientationPortraitUpsideDown UIInterfaceOrientationLandscapeLeft UIInterfaceOrientationLandscapeRight";
				INFOPLIST_KEY_UISupportedInterfaceOrientations_iPhone = "UIInterfaceOrientationPortrait UIInterfaceOrientationLandscapeLeft UIInterfaceOrientationLandscapeRight";
				LD_RUNPATH_SEARCH_PATHS = (
					"$(inherited)",
					"@executable_path/Frameworks",
				);
				MARKETING_VERSION = 1.0;
				PRODUCT_BUNDLE_IDENTIFIER = com.SwiftClockKit.SwiftClockKitDemo;
				PRODUCT_NAME = "$(TARGET_NAME)";
				SWIFT_EMIT_LOC_STRINGS = YES;
				SWIFT_VERSION = 5.0;
				TARGETED_DEVICE_FAMILY = "1,2";
			};
			name = Debug;
		};
		7B56BD4F2DD6115900E4FDAE /* Release */ = {
			isa = XCBuildConfiguration;
			buildSettings = {
				ASSETCATALOG_COMPILER_APPICON_NAME = AppIcon;
				ASSETCATALOG_COMPILER_GLOBAL_ACCENT_COLOR_NAME = AccentColor;
				CODE_SIGN_ENTITLEMENTS = SwiftClockKitDemo/SwiftClockKitDemo.entitlements;
				CODE_SIGN_STYLE = Automatic;
				CURRENT_PROJECT_VERSION = 1;
				DEVELOPMENT_ASSET_PATHS = "\"SwiftClockKitDemo/Preview Content\"";
				DEVELOPMENT_TEAM = 4899W2A5G3;
				ENABLE_PREVIEWS = YES;
				GENERATE_INFOPLIST_FILE = YES;
				INFOPLIST_KEY_UIApplicationSceneManifest_Generation = YES;
				INFOPLIST_KEY_UIApplicationSupportsIndirectInputEvents = YES;
				INFOPLIST_KEY_UILaunchScreen_Generation = YES;
				INFOPLIST_KEY_UISupportedInterfaceOrientations_iPad = "UIInterfaceOrientationPortrait UIInterfaceOrientationPortraitUpsideDown UIInterfaceOrientationLandscapeLeft UIInterfaceOrientationLandscapeRight";
				INFOPLIST_KEY_UISupportedInterfaceOrientations_iPhone = "UIInterfaceOrientationPortrait UIInterfaceOrientationLandscapeLeft UIInterfaceOrientationLandscapeRight";
				LD_RUNPATH_SEARCH_PATHS = (
					"$(inherited)",
					"@executable_path/Frameworks",
				);
				MARKETING_VERSION = 1.0;
				PRODUCT_BUNDLE_IDENTIFIER = com.SwiftClockKit.SwiftClockKitDemo;
				PRODUCT_NAME = "$(TARGET_NAME)";
				SWIFT_EMIT_LOC_STRINGS = YES;
				SWIFT_VERSION = 5.0;
				TARGETED_DEVICE_FAMILY = "1,2";
			};
			name = Release;
		};
/* End XCBuildConfiguration section */

/* Begin XCConfigurationList section */
		7B39F1E32EC25181001C21E8 /* Build configuration list for PBXNativeTarget "ClockWidgetExtension" */ = {
			isa = XCConfigurationList;
			buildConfigurations = (
				7B39F1E02EC25181001C21E8 /* Debug */,
				7B39F1E12EC25181001C21E8 /* Release */,
			);
			defaultConfigurationIsVisible = 0;
			defaultConfigurationName = Release;
		};
		7B56BD3A2DD6115800E4FDAE /* Build configuration list for PBXProject "SwiftClockKitDemo" */ = {
			isa = XCConfigurationList;
			buildConfigurations = (
				7B56BD4B2DD6115900E4FDAE /* Debug */,
				7B56BD4C2DD6115900E4FDAE /* Release */,
			);
			defaultConfigurationIsVisible = 0;
			defaultConfigurationName = Release;
		};
		7B56BD4D2DD6115900E4FDAE /* Build configuration list for PBXNativeTarget "SwiftClockKitDemo" */ = {
			isa = XCConfigurationList;
			buildConfigurations = (
				7B56BD4E2DD6115900E4FDAE /* Debug */,
				7B56BD4F2DD6115900E4FDAE /* Release */,
			);
			defaultConfigurationIsVisible = 0;
			defaultConfigurationName = Release;
		};
/* End XCConfigurationList section */

/* Begin XCLocalSwiftPackageReference section */
		7B56BD592DD611FC00E4FDAE /* XCLocalSwiftPackageReference "../../SwiftClockKit" */ = {
			isa = XCLocalSwiftPackageReference;
			relativePath = ../../SwiftClockKit;
		};
/* End XCLocalSwiftPackageReference section */

/* Begin XCSwiftPackageProductDependency section */
		7B39F1E72EC252C0001C21E8 /* SwiftClockKit */ = {
			isa = XCSwiftPackageProductDependency;
			package = 7B56BD592DD611FC00E4FDAE /* XCLocalSwiftPackageReference "../../SwiftClockKit" */;
			productName = SwiftClockKit;
		};
		7B56BD5A2DD611FC00E4FDAE /* SwiftClockKit */ = {
			isa = XCSwiftPackageProductDependency;
			productName = SwiftClockKit;
		};
		7B742DBD2DD6127300E1AD27 /* SwiftClockKit */ = {
			isa = XCSwiftPackageProductDependency;
			productName = SwiftClockKit;
		};
/* End XCSwiftPackageProductDependency section */
	};
	rootObject = 7B56BD372DD6115800E4FDAE /* Project object */;
}
